
Microsoft Visual Studio Solution File, Format Version 12.00
# Visual Studio Version 16
VisualStudioVersion = 16.0.30717.126
MinimumVisualStudioVersion = 10.0.40219.1
Project("{FAE04EC0-301F-11D3-BF4B-00C04F79EFBC}") = "GItHubDemo", "GItHubDemo.csproj", "{D2E6F369-C90D-4704-8E09-40559C4EDE19}"
EndProject
Global
	GlobalSection(SolutionConfigurationPlatforms) = preSolution
		Debug|Any CPU = Debug|Any CPU
		Release|Any CPU = Release|Any CPU
	EndGlobalSection
	GlobalSection(ProjectConfigurationPlatforms) = postSolution
		{D2E6F369-C90D-4704-8E09-40559C4EDE19}.Debug|Any CPU.ActiveCfg = Debug|Any CPU
		{D2E6F369-C90D-4704-8E09-40559C4EDE19}.Debug|Any CPU.Build.0 = Debug|Any CPU
		{D2E6F369-C90D-4704-8E09-40559C4EDE19}.Release|Any CPU.ActiveCfg = Release|Any CPU
		{D2E6F369-C90D-4704-8E09-40559C4EDE19}.Release|Any CPU.Build.0 = Release|Any CPU
	EndGlobalSection
	GlobalSection(SolutionProperties) = preSolution
		HideSolutionNode = FALSE
	EndGlobalSection
	GlobalSection(ExtensibilityGlobals) = postSolution
		SolutionGuid = {F7A9F199-BCEB-4575-8E98-9A52EBA2A477}
	EndGlobalSection
EndGlobal
